
Microsoft Visual Studio Solution File, Format Version 12.00
# Visual Studio Version 16
VisualStudioVersion = 16.0.29911.84
MinimumVisualStudioVersion = 10.0.40219.1
Project("{9A19103F-16F7-4668-BE54-9A1E7A4F7556}") = "Lightweight.Caching", "Lightweight.Caching\Lightweight.Caching.csproj", "{A9477A79-4C92-4A63-86A6-CD7BD327E974}"
EndProject
Project("{9A19103F-16F7-4668-BE54-9A1E7A4F7556}") = "Lightweight.Caching.UnitTests", "Lightweight.Caching.UnitTests\Lightweight.Caching.UnitTests.csproj", "{139EDA8E-F024-43A9-8045-74DA2B013A47}"
EndProject
Project("{9A19103F-16F7-4668-BE54-9A1E7A4F7556}") = "Lightweight.Caching.Benchmarks", "Lightweight.Caching.Benchmarks\Lightweight.Caching.Benchmarks.csproj", "{E864F489-E4FE-4741-B060-E0326224666D}"
EndProject
Global
	GlobalSection(SolutionConfigurationPlatforms) = preSolution
		Debug|Any CPU = Debug|Any CPU
		Release|Any CPU = Release|Any CPU
	EndGlobalSection
	GlobalSection(ProjectConfigurationPlatforms) = postSolution
		{A9477A79-4C92-4A63-86A6-CD7BD327E974}.Debug|Any CPU.ActiveCfg = Debug|Any CPU
		{A9477A79-4C92-4A63-86A6-CD7BD327E974}.Debug|Any CPU.Build.0 = Debug|Any CPU
		{A9477A79-4C92-4A63-86A6-CD7BD327E974}.Release|Any CPU.ActiveCfg = Release|Any CPU
		{A9477A79-4C92-4A63-86A6-CD7BD327E974}.Release|Any CPU.Build.0 = Release|Any CPU
		{139EDA8E-F024-43A9-8045-74DA2B013A47}.Debug|Any CPU.ActiveCfg = Debug|Any CPU
		{139EDA8E-F024-43A9-8045-74DA2B013A47}.Debug|Any CPU.Build.0 = Debug|Any CPU
		{139EDA8E-F024-43A9-8045-74DA2B013A47}.Release|Any CPU.ActiveCfg = Release|Any CPU
		{139EDA8E-F024-43A9-8045-74DA2B013A47}.Release|Any CPU.Build.0 = Release|Any CPU
		{E864F489-E4FE-4741-B060-E0326224666D}.Debug|Any CPU.ActiveCfg = Debug|Any CPU
		{E864F489-E4FE-4741-B060-E0326224666D}.Debug|Any CPU.Build.0 = Debug|Any CPU
		{E864F489-E4FE-4741-B060-E0326224666D}.Release|Any CPU.ActiveCfg = Release|Any CPU
		{E864F489-E4FE-4741-B060-E0326224666D}.Release|Any CPU.Build.0 = Release|Any CPU
	EndGlobalSection
	GlobalSection(SolutionProperties) = preSolution
		HideSolutionNode = FALSE
	EndGlobalSection
	GlobalSection(ExtensibilityGlobals) = postSolution
		SolutionGuid = {70674A50-D968-4F0C-BE09-4FD69817210F}
	EndGlobalSection
EndGlobal
