
Microsoft Visual Studio Solution File, Format Version 12.00
# Visual Studio Version 17
VisualStudioVersion = 17.7.34202.233
MinimumVisualStudioVersion = 10.0.40219.1
Project("{9A19103F-16F7-4668-BE54-9A1E7A4F7556}") = "HashTableSize", "HashTableSize\HashTableSize.csproj", "{127B7B6D-ECE7-4056-87D2-5C2A4477BAEC}"
EndProject
Project("{9A19103F-16F7-4668-BE54-9A1E7A4F7556}") = "BenchPlot", "BenchPlot\BenchPlot.csproj", "{A3AA1ECB-E753-4E73-B2A8-09434FAF2664}"
EndProject
Project("{FAE04EC0-301F-11D3-BF4B-00C04F79EFBC}") = "SeqLock", "SeqLock\SeqLock.csproj", "{27E4861A-EB60-4D7B-B436-DC71EE89F32A}"
EndProject
Global
	GlobalSection(SolutionConfigurationPlatforms) = preSolution
		Debug|Any CPU = Debug|Any CPU
		Release|Any CPU = Release|Any CPU
	EndGlobalSection
	GlobalSection(ProjectConfigurationPlatforms) = postSolution
		{127B7B6D-ECE7-4056-87D2-5C2A4477BAEC}.Debug|Any CPU.ActiveCfg = Debug|Any CPU
		{127B7B6D-ECE7-4056-87D2-5C2A4477BAEC}.Debug|Any CPU.Build.0 = Debug|Any CPU
		{127B7B6D-ECE7-4056-87D2-5C2A4477BAEC}.Release|Any CPU.ActiveCfg = Release|Any CPU
		{127B7B6D-ECE7-4056-87D2-5C2A4477BAEC}.Release|Any CPU.Build.0 = Release|Any CPU
		{A3AA1ECB-E753-4E73-B2A8-09434FAF2664}.Debug|Any CPU.ActiveCfg = Debug|Any CPU
		{A3AA1ECB-E753-4E73-B2A8-09434FAF2664}.Debug|Any CPU.Build.0 = Debug|Any CPU
		{A3AA1ECB-E753-4E73-B2A8-09434FAF2664}.Release|Any CPU.ActiveCfg = Release|Any CPU
		{A3AA1ECB-E753-4E73-B2A8-09434FAF2664}.Release|Any CPU.Build.0 = Release|Any CPU
		{27E4861A-EB60-4D7B-B436-DC71EE89F32A}.Debug|Any CPU.ActiveCfg = Debug|Any CPU
		{27E4861A-EB60-4D7B-B436-DC71EE89F32A}.Debug|Any CPU.Build.0 = Debug|Any CPU
		{27E4861A-EB60-4D7B-B436-DC71EE89F32A}.Release|Any CPU.ActiveCfg = Release|Any CPU
		{27E4861A-EB60-4D7B-B436-DC71EE89F32A}.Release|Any CPU.Build.0 = Release|Any CPU
	EndGlobalSection
	GlobalSection(SolutionProperties) = preSolution
		HideSolutionNode = FALSE
	EndGlobalSection
	GlobalSection(ExtensibilityGlobals) = postSolution
		SolutionGuid = {2C924B95-0DD3-4026-AF7D-806B1B4D9EDC}
	EndGlobalSection
EndGlobal
